Microsoft Visual Studio Solution File, Format Version 12.00
# Visual Studio Version 17
VisualStudioVersion = 17.5.2.0
MinimumVisualStudioVersion = 10.0.40219.1
Project("{FAE04EC0-301F-11D3-BF4B-00C04F79EFBC}") = "myfinance-web-dotnet", "myfinance-web-dotnet\myfinance-web-dotnet.csproj", "{FFAAD7A0-F4F7-4056-EB6E-48D095D760B4}"
EndProject
Project("{FAE04EC0-301F-11D3-BF4B-00C04F79EFBC}") = "myfinance-web-dotnet-domain", "myfinance-web-dotnet-domain\myfinance-web-dotnet-domain.csproj", "{0FBE3428-6238-9F37-DF71-29A8E3A4C5EE}"
EndProject
Project("{FAE04EC0-301F-11D3-BF4B-00C04F79EFBC}") = "myfinance-web-dotnet-infra", "myfinance-web-dotnet-infra\myfinance-web-dotnet-infra.csproj", "{6D3C645C-6900-C21E-ACE9-665304878F24}"
EndProject
Project("{FAE04EC0-301F-11D3-BF4B-00C04F79EFBC}") = "myfinance-web-dotnet-service", "myfinance-web-dotnet-service\myfinance-web-dotnet-service.csproj", "{2ADC000A-9DF4-D0A1-EF4B-D9E31AF51D2A}"
EndProject
Global
	GlobalSection(SolutionConfigurationPlatforms) = preSolution
		Debug|Any CPU = Debug|Any CPU
		Release|Any CPU = Release|Any CPU
	EndGlobalSection
	GlobalSection(ProjectConfigurationPlatforms) = postSolution
		{FFAAD7A0-F4F7-4056-EB6E-48D095D760B4}.Debug|Any CPU.ActiveCfg = Debug|Any CPU
		{FFAAD7A0-F4F7-4056-EB6E-48D095D760B4}.Debug|Any CPU.Build.0 = Debug|Any CPU
		{FFAAD7A0-F4F7-4056-EB6E-48D095D760B4}.Release|Any CPU.ActiveCfg = Release|Any CPU
		{FFAAD7A0-F4F7-4056-EB6E-48D095D760B4}.Release|Any CPU.Build.0 = Release|Any CPU
		{0FBE3428-6238-9F37-DF71-29A8E3A4C5EE}.Debug|Any CPU.ActiveCfg = Debug|Any CPU
		{0FBE3428-6238-9F37-DF71-29A8E3A4C5EE}.Debug|Any CPU.Build.0 = Debug|Any CPU
		{0FBE3428-6238-9F37-DF71-29A8E3A4C5EE}.Release|Any CPU.ActiveCfg = Release|Any CPU
		{0FBE3428-6238-9F37-DF71-29A8E3A4C5EE}.Release|Any CPU.Build.0 = Release|Any CPU
		{6D3C645C-6900-C21E-ACE9-665304878F24}.Debug|Any CPU.ActiveCfg = Debug|Any CPU
		{6D3C645C-6900-C21E-ACE9-665304878F24}.Debug|Any CPU.Build.0 = Debug|Any CPU
		{6D3C645C-6900-C21E-ACE9-665304878F24}.Release|Any CPU.ActiveCfg = Release|Any CPU
		{6D3C645C-6900-C21E-ACE9-665304878F24}.Release|Any CPU.Build.0 = Release|Any CPU
		{2ADC000A-9DF4-D0A1-EF4B-D9E31AF51D2A}.Debug|Any CPU.ActiveCfg = Debug|Any CPU
		{2ADC000A-9DF4-D0A1-EF4B-D9E31AF51D2A}.Debug|Any CPU.Build.0 = Debug|Any CPU
		{2ADC000A-9DF4-D0A1-EF4B-D9E31AF51D2A}.Release|Any CPU.ActiveCfg = Release|Any CPU
		{2ADC000A-9DF4-D0A1-EF4B-D9E31AF51D2A}.Release|Any CPU.Build.0 = Release|Any CPU
	EndGlobalSection
	GlobalSection(SolutionProperties) = preSolution
		HideSolutionNode = FALSE
	EndGlobalSection
	GlobalSection(ExtensibilityGlobals) = postSolution
		SolutionGuid = {39554C6E-DD01-4783-BA42-A407EAC13E29}
	EndGlobalSection
EndGlobal
